# This file is autogenerated, do not edit; changes may be undone by the next 'dep ensure'.


[[projects]]
  branch = "master"
  name = "github.com/golang/protobuf"
  packages = ["proto"]
  revision = "1909bc2f63dc92bb931deace8b8312c4db72d12f"

[solve-meta]
  analyzer-name = "dep"
  analyzer-version = 1
  inputs-digest = "d62c2a5c22607b1bc5502d9a791487d97d616e3d66dca9202d76a7cf409cbab8"
  solver-name = "gps-cdcl"
  solver-version = 1
